
Microsoft Visual Studio Solution File, Format Version 12.00
# Visual Studio Version 17
VisualStudioVersion = 17.3.32929.385
MinimumVisualStudioVersion = 10.0.40219.1
Project("{9A19103F-16F7-4668-BE54-9A1E7A4F7556}") = "ExchangeApi", "ExchangeApi\ExchangeApi.csproj", "{2C7B4E27-9CD4-4CDD-91B3-487A1CD6AA9C}"
EndProject
Global
	GlobalSection(SolutionConfigurationPlatforms) = preSolution
		Debug|Any CPU = Debug|Any CPU
		Release|Any CPU = Release|Any CPU
	EndGlobalSection
	GlobalSection(ProjectConfigurationPlatforms) = postSolution
		{2C7B4E27-9CD4-4CDD-91B3-487A1CD6AA9C}.Debug|Any CPU.ActiveCfg = Debug|Any CPU
		{2C7B4E27-9CD4-4CDD-91B3-487A1CD6AA9C}.Debug|Any CPU.Build.0 = Debug|Any CPU
		{2C7B4E27-9CD4-4CDD-91B3-487A1CD6AA9C}.Release|Any CPU.ActiveCfg = Release|Any CPU
		{2C7B4E27-9CD4-4CDD-91B3-487A1CD6AA9C}.Release|Any CPU.Build.0 = Release|Any CPU
	EndGlobalSection
	GlobalSection(SolutionProperties) = preSolution
		HideSolutionNode = FALSE
	EndGlobalSection
	GlobalSection(ExtensibilityGlobals) = postSolution
		SolutionGuid = {8053EA9F-6797-453C-94B4-81E9B1C90531}
	EndGlobalSection
EndGlobal
